{
  "nodes": {
    "nixpkgs": {
      "locked": {
        "lastModified": 1770843696,
        "narHash": "sha256-LovWTGDwXhkfCOmbgLVA10bvsi/P8eDDpRudgk68HA8=",
        "owner": "NixOS",
        "repo": "nixpkgs",
        "rev": "2343bbb58f99267223bc2aac4fc9ea301a155a16",
        "type": "github"
      },
      "original": {
        "owner": "NixOS",
        "ref": "nixpkgs-unstable",
        "repo": "nixpkgs",
        "type": "github"
      }
    },
    "root": {
      "inputs": {
        "nixpkgs": "nixpkgs",
        "scint": "scint"
      }
    },
    "scint": {
      "flake": false,
      "locked": {
        "lastModified": 1770741872,
        "narHash": "sha256-fdZlGixiNq0l2F9vl+nsPk2pYQYGpy+9KiLnbWtzVCk=",
        "owner": "tobi",
        "repo": "scint",
        "rev": "28729e749cfe8efdb99570292ad6e24686568ba2",
        "type": "github"
      },
      "original": {
        "owner": "tobi",
        "repo": "scint",
        "type": "github"
      }
    }
  },
  "root": "root",
  "version": 7
}
